<Solution>
  <Configurations>
    <Platform Name="Any CPU" />
    <Platform Name="x64" />
    <Platform Name="x86" />
  </Configurations>
  <Project Path="001HelloWorldCS/001HelloWorldCS.csproj" Id="aba7c5ff-ac31-447e-8ad4-88317be9607b" />
  <Project Path="002HelloWorldCPP/002HelloWorldCPP.vcxproj" Id="1fafab52-20cd-446c-8560-d22e3da937c3" />
  <Project Path="003_Sokoban/003_Sokoban.csproj" Id="bb03cd57-e974-43ea-9410-0466040fe749" />
  <Project Path="004_MySokoban/004_MySokoban.csproj" Id="2ccb2a4c-9e49-4710-be26-5d075d0ea23a" />
  <Project Path="005_scanf/005_scanf.vcxproj" Id="866cb039-626c-481b-bb1d-803c498e5f0b" />
  <Project Path="006_c#다차원배열, c++다차원배열 차이점/006_c#다차원배열, c++다차원배열 차이점.csproj" Id="120b71c8-457b-4cb0-a277-78b393752bfb" />
  <Project Path="007_Test/007_Test.vcxproj" Id="1cb44928-eca9-42ba-ab83-f4c18340f038" />
  <Project Path="008_Test/008_Lotto.csproj" Id="e388bc49-4a5f-412b-ad6d-d9e6034bc33d" />
  <Project Path="009_Test/009_Pokemon.csproj" Id="1ccb4a80-6241-4c12-a7b8-7a5683cf2bd2" />
  <Project Path="010_Test/010_Test.csproj" Id="a2b40540-9561-41f9-a576-a7a91f450407" />
  <Project Path="012_dotNet/012_dotNet.csproj" Id="e2bf4b4c-c1f7-43b8-bf46-a070797d5e5c" />
  <Project Path="_Deque/011_Deque.csproj" Id="8fe8a0ea-e3cc-42f0-b249-b7c926015bbf" />
</Solution>
